
Microsoft Visual Studio Solution File, Format Version 12.00
# Visual Studio 15
VisualStudioVersion = 15.0.27004.2009
MinimumVisualStudioVersion = 15.0.26124.0
Project("{9A19103F-16F7-4668-BE54-9A1E7A4F7556}") = "Pronoodle.Products", "src\Pronoodle.Products\Pronoodle.Products.csproj", "{53DDEE40-AD4A-41C4-B0EA-6413172701CA}"
EndProject
Project("{9A19103F-16F7-4668-BE54-9A1E7A4F7556}") = "Pronoodle.Products.Web", "src\Pronoodle.Products.Web\Pronoodle.Products.Web.csproj", "{52FB953B-2E29-483C-A34B-957A6CDAE119}"
EndProject
Project("{2150E333-8FDC-42A3-9474-1A3956D46DE8}") = "src", "src", "{D5C69FD3-0DE7-40C4-B622-29430B1D7271}"
EndProject
Project("{2150E333-8FDC-42A3-9474-1A3956D46DE8}") = "tests", "tests", "{69D3D41B-A64E-4189-9FC7-5E17430493B9}"
EndProject
Project("{9A19103F-16F7-4668-BE54-9A1E7A4F7556}") = "Pronoodle.Products.Integration", "tests\Pronoodle.Products.Integration\Pronoodle.Products.Integration.csproj", "{64F9227A-B3EE-49B8-A432-C64E37322B8F}"
EndProject
Project("{2150E333-8FDC-42A3-9474-1A3956D46DE8}") = "Solution Items", "Solution Items", "{DB266280-0BAE-48A6-9531-C555F692A901}"
	ProjectSection(SolutionItems) = preProject
		README.md = README.md
	EndProjectSection
EndProject
Global
	GlobalSection(SolutionConfigurationPlatforms) = preSolution
		Debug|Any CPU = Debug|Any CPU
		Debug|x64 = Debug|x64
		Debug|x86 = Debug|x86
		Release|Any CPU = Release|Any CPU
		Release|x64 = Release|x64
		Release|x86 = Release|x86
	EndGlobalSection
	GlobalSection(ProjectConfigurationPlatforms) = postSolution
		{53DDEE40-AD4A-41C4-B0EA-6413172701CA}.Debug|Any CPU.ActiveCfg = Debug|Any CPU
		{53DDEE40-AD4A-41C4-B0EA-6413172701CA}.Debug|Any CPU.Build.0 = Debug|Any CPU
		{53DDEE40-AD4A-41C4-B0EA-6413172701CA}.Debug|x64.ActiveCfg = Debug|Any CPU
		{53DDEE40-AD4A-41C4-B0EA-6413172701CA}.Debug|x64.Build.0 = Debug|Any CPU
		{53DDEE40-AD4A-41C4-B0EA-6413172701CA}.Debug|x86.ActiveCfg = Debug|Any CPU
		{53DDEE40-AD4A-41C4-B0EA-6413172701CA}.Debug|x86.Build.0 = Debug|Any CPU
		{53DDEE40-AD4A-41C4-B0EA-6413172701CA}.Release|Any CPU.ActiveCfg = Release|Any CPU
		{53DDEE40-AD4A-41C4-B0EA-6413172701CA}.Release|Any CPU.Build.0 = Release|Any CPU
		{53DDEE40-AD4A-41C4-B0EA-6413172701CA}.Release|x64.ActiveCfg = Release|Any CPU
		{53DDEE40-AD4A-41C4-B0EA-6413172701CA}.Release|x64.Build.0 = Release|Any CPU
		{53DDEE40-AD4A-41C4-B0EA-6413172701CA}.Release|x86.ActiveCfg = Release|Any CPU
		{53DDEE40-AD4A-41C4-B0EA-6413172701CA}.Release|x86.Build.0 = Release|Any CPU
		{52FB953B-2E29-483C-A34B-957A6CDAE119}.Debug|Any CPU.ActiveCfg = Debug|Any CPU
		{52FB953B-2E29-483C-A34B-957A6CDAE119}.Debug|Any CPU.Build.0 = Debug|Any CPU
		{52FB953B-2E29-483C-A34B-957A6CDAE119}.Debug|x64.ActiveCfg = Debug|Any CPU
		{52FB953B-2E29-483C-A34B-957A6CDAE119}.Debug|x64.Build.0 = Debug|Any CPU
		{52FB953B-2E29-483C-A34B-957A6CDAE119}.Debug|x86.ActiveCfg = Debug|Any CPU
		{52FB953B-2E29-483C-A34B-957A6CDAE119}.Debug|x86.Build.0 = Debug|Any CPU
		{52FB953B-2E29-483C-A34B-957A6CDAE119}.Release|Any CPU.ActiveCfg = Release|Any CPU
		{52FB953B-2E29-483C-A34B-957A6CDAE119}.Release|Any CPU.Build.0 = Release|Any CPU
		{52FB953B-2E29-483C-A34B-957A6CDAE119}.Release|x64.ActiveCfg = Release|Any CPU
		{52FB953B-2E29-483C-A34B-957A6CDAE119}.Release|x64.Build.0 = Release|Any CPU
		{52FB953B-2E29-483C-A34B-957A6CDAE119}.Release|x86.ActiveCfg = Release|Any CPU
		{52FB953B-2E29-483C-A34B-957A6CDAE119}.Release|x86.Build.0 = Release|Any CPU
		{64F9227A-B3EE-49B8-A432-C64E37322B8F}.Debug|Any CPU.ActiveCfg = Debug|Any CPU
		{64F9227A-B3EE-49B8-A432-C64E37322B8F}.Debug|Any CPU.Build.0 = Debug|Any CPU
		{64F9227A-B3EE-49B8-A432-C64E37322B8F}.Debug|x64.ActiveCfg = Debug|Any CPU
		{64F9227A-B3EE-49B8-A432-C64E37322B8F}.Debug|x64.Build.0 = Debug|Any CPU
		{64F9227A-B3EE-49B8-A432-C64E37322B8F}.Debug|x86.ActiveCfg = Debug|Any CPU
		{64F9227A-B3EE-49B8-A432-C64E37322B8F}.Debug|x86.Build.0 = Debug|Any CPU
		{64F9227A-B3EE-49B8-A432-C64E37322B8F}.Release|Any CPU.ActiveCfg = Release|Any CPU
		{64F9227A-B3EE-49B8-A432-C64E37322B8F}.Release|Any CPU.Build.0 = Release|Any CPU
		{64F9227A-B3EE-49B8-A432-C64E37322B8F}.Release|x64.ActiveCfg = Release|Any CPU
		{64F9227A-B3EE-49B8-A432-C64E37322B8F}.Release|x64.Build.0 = Release|Any CPU
		{64F9227A-B3EE-49B8-A432-C64E37322B8F}.Release|x86.ActiveCfg = Release|Any CPU
		{64F9227A-B3EE-49B8-A432-C64E37322B8F}.Release|x86.Build.0 = Release|Any CPU
	EndGlobalSection
	GlobalSection(SolutionProperties) = preSolution
		HideSolutionNode = FALSE
	EndGlobalSection
	GlobalSection(NestedProjects) = preSolution
		{53DDEE40-AD4A-41C4-B0EA-6413172701CA} = {D5C69FD3-0DE7-40C4-B622-29430B1D7271}
		{52FB953B-2E29-483C-A34B-957A6CDAE119} = {D5C69FD3-0DE7-40C4-B622-29430B1D7271}
		{64F9227A-B3EE-49B8-A432-C64E37322B8F} = {69D3D41B-A64E-4189-9FC7-5E17430493B9}
	EndGlobalSection
	GlobalSection(ExtensibilityGlobals) = postSolution
		SolutionGuid = {AB5B354A-E120-4733-8A2C-F16C76721471}
	EndGlobalSection
EndGlobal
